// !$*UTF8*$!
{
	archiveVersion = 1;
	classes = {
	};
	objectVersion = 70;
	objects = {

/* Begin PBXBuildFile section */
		401335162CEB3DE200730E06 /* Search in Frameworks */ = {isa = PBXBuildFile; productRef = 401335152CEB3DE200730E06 /* Search */; };
		40171D0C2CC06C27002E146C /* RegisterViewModel.swift in Sources */ = {isa = PBXBuildFile; fileRef = 40171D0B2CC06C27002E146C /* RegisterViewModel.swift */; };
		4017C4552CC5DF6F00D110AD /* FirebaseStorage in Frameworks */ = {isa = PBXBuildFile; productRef = 4017C4542CC5DF6F00D110AD /* FirebaseStorage */; };
		4017C4572CC5E90000D110AD /* NewDealViewModel.swift in Sources */ = {isa = PBXBuildFile; fileRef = 4017C4562CC5E90000D110AD /* NewDealViewModel.swift */; };
		4017C4672CC610DC00D110AD /* ImageUploadView.swift in Sources */ = {isa = PBXBuildFile; fileRef = 4017C4662CC610DC00D110AD /* ImageUploadView.swift */; };
		402271212CF946D200E5B04D /* NavAvatarView.swift in Sources */ = {isa = PBXBuildFile; fileRef = 402271202CF946D100E5B04D /* NavAvatarView.swift */; };
		402271232CF953F400E5B04D /* TopNavViewModel.swift in Sources */ = {isa = PBXBuildFile; fileRef = 402271222CF953F400E5B04D /* TopNavViewModel.swift */; };
		403755742CD16D8E00C7D96C /* GradientTitle.swift in Sources */ = {isa = PBXBuildFile; fileRef = 403755732CD16D8E00C7D96C /* GradientTitle.swift */; };
		403755762CD1743700C7D96C /* SearchViewModel.swift in Sources */ = {isa = PBXBuildFile; fileRef = 403755752CD1743700C7D96C /* SearchViewModel.swift */; };
		403755782CD1761000C7D96C /* DropdownView.swift in Sources */ = {isa = PBXBuildFile; fileRef = 403755772CD1761000C7D96C /* DropdownView.swift */; };
		4086FCF62CB47DB000EB6411 /* SearchView.swift in Sources */ = {isa = PBXBuildFile; fileRef = 4086FCF52CB47DB000EB6411 /* SearchView.swift */; };
		4086FCF82CB47DDD00EB6411 /* NewDealView.swift in Sources */ = {isa = PBXBuildFile; fileRef = 4086FCF72CB47DDD00EB6411 /* NewDealView.swift */; };
		4086FCFA2CB47DF500EB6411 /* RankingView.swift in Sources */ = {isa = PBXBuildFile; fileRef = 4086FCF92CB47DF500EB6411 /* RankingView.swift */; };
		4086FCFE2CB47EB300EB6411 /* ProductsView.swift in Sources */ = {isa = PBXBuildFile; fileRef = 4086FCFD2CB47EB300EB6411 /* ProductsView.swift */; };
		4086FD042CB4838300EB6411 /* TopNavView.swift in Sources */ = {isa = PBXBuildFile; fileRef = 4086FD032CB4838300EB6411 /* TopNavView.swift */; };
		4086FD062CB48FE100EB6411 /* LoginView.swift in Sources */ = {isa = PBXBuildFile; fileRef = 4086FD052CB48FE100EB6411 /* LoginView.swift */; };
		4086FD082CB4AA5400EB6411 /* PasswordRecoveryView.swift in Sources */ = {isa = PBXBuildFile; fileRef = 4086FD072CB4AA5400EB6411 /* PasswordRecoveryView.swift */; };
		4086FD0A2CB5088800EB6411 /* RegisterView.swift in Sources */ = {isa = PBXBuildFile; fileRef = 4086FD092CB5088800EB6411 /* RegisterView.swift */; };
		4086FD0C2CB50A0600EB6411 /* LoginViewModel.swift in Sources */ = {isa = PBXBuildFile; fileRef = 4086FD0B2CB50A0600EB6411 /* LoginViewModel.swift */; };
		4086FD0E2CB50EF800EB6411 /* MainView.swift in Sources */ = {isa = PBXBuildFile; fileRef = 4086FD0D2CB50EF800EB6411 /* MainView.swift */; };
		4086FD102CB50F5F00EB6411 /* MainViewModel.swift in Sources */ = {isa = PBXBuildFile; fileRef = 4086FD0F2CB50F5F00EB6411 /* MainViewModel.swift */; };
		40A3669A2CEC71F100038754 /* SearchResultDetailView.swift in Sources */ = {isa = PBXBuildFile; fileRef = 40A366992CEC71F100038754 /* SearchResultDetailView.swift */; };
		40A3669C2CEC721500038754 /* SearchResultDetailViewModel.swift in Sources */ = {isa = PBXBuildFile; fileRef = 40A3669B2CEC721500038754 /* SearchResultDetailViewModel.swift */; };
		40A9DF912CEB361500D15E51 /* Core in Frameworks */ = {isa = PBXBuildFile; productRef = 40A9DF902CEB361500D15E51 /* Core */; };
		40BB0C772CC07D1B004D070B /* PasswordRecoveryViewModel.swift in Sources */ = {isa = PBXBuildFile; fileRef = 40BB0C762CC07D1B004D070B /* PasswordRecoveryViewModel.swift */; };
		40BB0CDB2CC0C10F004D070B /* ProfileView.swift in Sources */ = {isa = PBXBuildFile; fileRef = 40BB0CDA2CC0C10F004D070B /* ProfileView.swift */; };
		40BB0CDD2CC0C462004D070B /* ProfileViewModel.swift in Sources */ = {isa = PBXBuildFile; fileRef = 40BB0CDC2CC0C462004D070B /* ProfileViewModel.swift */; };
		40F8B5ED2C9FA8AF0024C7EF /* TagItApp.swift in Sources */ = {isa = PBXBuildFile; fileRef = 40F8B5EC2C9FA8AF0024C7EF /* TagItApp.swift */; };
		40F8B5EF2C9FA8AF0024C7EF /* ContentView.swift in Sources */ = {isa = PBXBuildFile; fileRef = 40F8B5EE2C9FA8AF0024C7EF /* ContentView.swift */; };
		40F8B5F12C9FA8B10024C7EF /* Assets.xcassets in Resources */ = {isa = PBXBuildFile; fileRef = 40F8B5F02C9FA8B10024C7EF /* Assets.xcassets */; };
		40F8B5F42C9FA8B10024C7EF /* Preview Assets.xcassets in Resources */ = {isa = PBXBuildFile; fileRef = 40F8B5F32C9FA8B10024C7EF /* Preview Assets.xcassets */; };
		40F8B5FE2C9FAA7B0024C7EF /* FirebaseAnalytics in Frameworks */ = {isa = PBXBuildFile; productRef = 40F8B5FD2C9FAA7B0024C7EF /* FirebaseAnalytics */; };
		40F8B6002C9FAA7B0024C7EF /* FirebaseAuth in Frameworks */ = {isa = PBXBuildFile; productRef = 40F8B5FF2C9FAA7B0024C7EF /* FirebaseAuth */; };
		40F8B6022C9FAA7B0024C7EF /* FirebaseFirestore in Frameworks */ = {isa = PBXBuildFile; productRef = 40F8B6012C9FAA7B0024C7EF /* FirebaseFirestore */; };
		40FD1EA92CE9808100729291 /* StoreModel.swift in Sources */ = {isa = PBXBuildFile; fileRef = 40FD1EA82CE9808100729291 /* StoreModel.swift */; };
		40FD1ED32CEAA4AD00729291 /* SearchResultView.swift in Sources */ = {isa = PBXBuildFile; fileRef = 40FD1ED22CEAA4AD00729291 /* SearchResultView.swift */; };
		40FD1ED52CEAA6E800729291 /* SearchResultViewModel.swift in Sources */ = {isa = PBXBuildFile; fileRef = 40FD1ED42CEAA6E800729291 /* SearchResultViewModel.swift */; };
		5D1B36972CC5B2AE00552691 /* HomeView.swift in Sources */ = {isa = PBXBuildFile; fileRef = 5D1B36962CC5B2AE00552691 /* HomeView.swift */; };
		5D1D9B1F2CE9238600698E2A /* UserAvatarView.swift in Sources */ = {isa = PBXBuildFile; fileRef = 5D1D9B1E2CE9238600698E2A /* UserAvatarView.swift */; };
		5D1D9B212CE9345100698E2A /* UserRankingCardView.swift in Sources */ = {isa = PBXBuildFile; fileRef = 5D1D9B202CE9345100698E2A /* UserRankingCardView.swift */; };
		5D1D9B832CE96AE800698E2A /* UserRankingView.swift in Sources */ = {isa = PBXBuildFile; fileRef = 5D1D9B822CE96AE800698E2A /* UserRankingView.swift */; };
		5D62B03F2CEAE2E6004A7E39 /* DealRankingCardView.swift in Sources */ = {isa = PBXBuildFile; fileRef = 5D62B03E2CEAE2E6004A7E39 /* DealRankingCardView.swift */; };
		5D62B0412CEB0EBC004A7E39 /* DealRankingView.swift in Sources */ = {isa = PBXBuildFile; fileRef = 5D62B0402CEB0EBC004A7E39 /* DealRankingView.swift */; };
		5DA00C2E2CC5D8730057041E /* CommentCardView.swift in Sources */ = {isa = PBXBuildFile; fileRef = 5DA00C2D2CC5D8730057041E /* CommentCardView.swift */; };
		5DB364892CBED87500424571 /* DealModel.swift in Sources */ = {isa = PBXBuildFile; fileRef = 5DB364882CBED87500424571 /* DealModel.swift */; };
		5DB365362CBEDD0F00424571 /* UserProfileModel.swift in Sources */ = {isa = PBXBuildFile; fileRef = 5DB365352CBEDD0F00424571 /* UserProfileModel.swift */; };
		5DB365382CBEDE5300424571 /* BarcodeItemReviewModel.swift in Sources */ = {isa = PBXBuildFile; fileRef = 5DB365372CBEDE5300424571 /* BarcodeItemReviewModel.swift */; };
		5DB3653C2CBEDF8500424571 /* UserCommentModel.swift in Sources */ = {isa = PBXBuildFile; fileRef = 5DB3653B2CBEDF8500424571 /* UserCommentModel.swift */; };
		5DB365402CBEEC2000424571 /* DealCardView.swift in Sources */ = {isa = PBXBuildFile; fileRef = 5DB3653F2CBEEC2000424571 /* DealCardView.swift */; };
		5DB365442CBEECC500424571 /* DealInfoView.swift in Sources */ = {isa = PBXBuildFile; fileRef = 5DB365432CBEECC500424571 /* DealInfoView.swift */; };
		5DD1EFE22CF5D34A0015D263 /* ReviewedItemsView.swift in Sources */ = {isa = PBXBuildFile; fileRef = 5DD1EFE12CF5D34A0015D263 /* ReviewedItemsView.swift */; };
		5DE8EE052CC5E59E008DF0B2 /* CommentsView.swift in Sources */ = {isa = PBXBuildFile; fileRef = 5DE8EE042CC5E59E008DF0B2 /* CommentsView.swift */; };
		5DE8EE072CC5EB45008DF0B2 /* DealDetailView.swift in Sources */ = {isa = PBXBuildFile; fileRef = 5DE8EE062CC5EB45008DF0B2 /* DealDetailView.swift */; };
		5DF09DBC2CD337FB002B6A79 /* UpDownVoteView.swift in Sources */ = {isa = PBXBuildFile; fileRef = 5DF09DBB2CD337FB002B6A79 /* UpDownVoteView.swift */; };
		909AC5222CF4FAE30012C9B0 /* ScannedItemViewModel.swift in Sources */ = {isa = PBXBuildFile; fileRef = 909AC5212CF4FAE30012C9B0 /* ScannedItemViewModel.swift */; };
		909AC5232CF4FAE30012C9B0 /* AddReviewViewModel.swift in Sources */ = {isa = PBXBuildFile; fileRef = 909AC5202CF4FAE30012C9B0 /* AddReviewViewModel.swift */; };
		909AC5252CF4FB040012C9B0 /* ReviewCardView.swift in Sources */ = {isa = PBXBuildFile; fileRef = 909AC5242CF4FB040012C9B0 /* ReviewCardView.swift */; };
		909AC5272CF4FB0E0012C9B0 /* AddReviewView.swift in Sources */ = {isa = PBXBuildFile; fileRef = 909AC5262CF4FB0E0012C9B0 /* AddReviewView.swift */; };
		909DFE532CD17E2200138D31 /* BarcodeScannerView.swift in Sources */ = {isa = PBXBuildFile; fileRef = 909DFE522CD17E2200138D31 /* BarcodeScannerView.swift */; };
		909DFE552CD17E4100138D31 /* BarcodeScannerViewModel.swift in Sources */ = {isa = PBXBuildFile; fileRef = 909DFE542CD17E4100138D31 /* BarcodeScannerViewModel.swift */; };
		90D774F32CDAB896005E2622 /* ScannedItemView.swift in Sources */ = {isa = PBXBuildFile; fileRef = 90D774F22CDAB888005E2622 /* ScannedItemView.swift */; };
		90D774F52CDAD18E005E2622 /* ChangePasswordView.swift in Sources */ = {isa = PBXBuildFile; fileRef = 90D774F42CDAD186005E2622 /* ChangePasswordView.swift */; };
		90D7754F2CED6062005E2622 /* EditUsernameView.swift in Sources */ = {isa = PBXBuildFile; fileRef = 90D7754E2CED6054005E2622 /* EditUsernameView.swift */; };
		90F3EE6E2CF8E6B800D87D95 /* Config.xcconfig in Resources */ = {isa = PBXBuildFile; fileRef = 90F3EE6D2CF8E6B800D87D95 /* Config.xcconfig */; };
		BF255E8B2CF541360003C3A4 /* FilterButton.swift in Sources */ = {isa = PBXBuildFile; fileRef = BF255E8A2CF541290003C3A4 /* FilterButton.swift */; };
		BF255FFF2CF6957A0003C3A4 /* reviewStars.swift in Sources */ = {isa = PBXBuildFile; fileRef = BF255FFE2CF695780003C3A4 /* reviewStars.swift */; };
		BF51F7E62CF0114E00886C8F /* RankingModel.swift in Sources */ = {isa = PBXBuildFile; fileRef = BF51F7E52CF0114600886C8F /* RankingModel.swift */; };
		BF69F1F32CF193EC001E1F20 /* HomeViewModel.swift in Sources */ = {isa = PBXBuildFile; fileRef = BF69F1F22CF193EA001E1F20 /* HomeViewModel.swift */; };
		BF93E11B2D0BDF500080FBFD /* GoogleService-Info.plist in Resources */ = {isa = PBXBuildFile; fileRef = BF93E11A2D0BDF500080FBFD /* GoogleService-Info.plist */; };
		BF93E13D2D0FD5E90080FBFD /* LaunchScreenView.swift in Sources */ = {isa = PBXBuildFile; fileRef = BF93E13C2D0FD5E10080FBFD /* LaunchScreenView.swift */; };
		BF93E13F2D0FD6070080FBFD /* LaunchScreenViewModel.swift in Sources */ = {isa = PBXBuildFile; fileRef = BF93E13E2D0FD6040080FBFD /* LaunchScreenViewModel.swift */; };
		BF991A1E2D1119CA000F853E /* PrivacySettingsView.swift in Sources */ = {isa = PBXBuildFile; fileRef = BF991A1D2D1119C5000F853E /* PrivacySettingsView.swift */; };
		BF991A202D111ADE000F853E /* PrivacySettingsModel.swift in Sources */ = {isa = PBXBuildFile; fileRef = BF991A1F2D111AD7000F853E /* PrivacySettingsModel.swift */; };
		BFAADB342CC5CFFE00DA6D6B /* VoteModel.swift in Sources */ = {isa = PBXBuildFile; fileRef = BFAADB332CC5CFFB00DA6D6B /* VoteModel.swift */; };
		BFADC5F22CC07AE900013366 /* FirestoreCollections.swift in Sources */ = {isa = PBXBuildFile; fileRef = BFADC5F12CC07AE500013366 /* FirestoreCollections.swift */; };
/* End PBXBuildFile section */

/* Begin PBXFileReference section */
		40171D0B2CC06C27002E146C /* RegisterViewModel.swift */ = {isa = PBXFileReference; lastKnownFileType = sourcecode.swift; path = RegisterViewModel.swift; sourceTree = "<group>"; };
		4017C4562CC5E90000D110AD /* NewDealViewModel.swift */ = {isa = PBXFileReference; lastKnownFileType = sourcecode.swift; path = NewDealViewModel.swift; sourceTree = "<group>"; };
		4017C4662CC610DC00D110AD /* ImageUploadView.swift */ = {isa = PBXFileReference; lastKnownFileType = sourcecode.swift; path = ImageUploadView.swift; sourceTree = "<group>"; };
		402271202CF946D100E5B04D /* NavAvatarView.swift */ = {isa = PBXFileReference; lastKnownFileType = sourcecode.swift; path = NavAvatarView.swift; sourceTree = "<group>"; };
		402271222CF953F400E5B04D /* TopNavViewModel.swift */ = {isa = PBXFileReference; lastKnownFileType = sourcecode.swift; path = TopNavViewModel.swift; sourceTree = "<group>"; };
		403755732CD16D8E00C7D96C /* GradientTitle.swift */ = {isa = PBXFileReference; lastKnownFileType = sourcecode.swift; path = GradientTitle.swift; sourceTree = "<group>"; };
		403755752CD1743700C7D96C /* SearchViewModel.swift */ = {isa = PBXFileReference; lastKnownFileType = sourcecode.swift; path = SearchViewModel.swift; sourceTree = "<group>"; };
		403755772CD1761000C7D96C /* DropdownView.swift */ = {isa = PBXFileReference; lastKnownFileType = sourcecode.swift; path = DropdownView.swift; sourceTree = "<group>"; };
		4086FCF52CB47DB000EB6411 /* SearchView.swift */ = {isa = PBXFileReference; lastKnownFileType = sourcecode.swift; path = SearchView.swift; sourceTree = "<group>"; };
		4086FCF72CB47DDD00EB6411 /* NewDealView.swift */ = {isa = PBXFileReference; lastKnownFileType = sourcecode.swift; path = NewDealView.swift; sourceTree = "<group>"; };
		4086FCF92CB47DF500EB6411 /* RankingView.swift */ = {isa = PBXFileReference; lastKnownFileType = sourcecode.swift; path = RankingView.swift; sourceTree = "<group>"; };
		4086FCFD2CB47EB300EB6411 /* ProductsView.swift */ = {isa = PBXFileReference; lastKnownFileType = sourcecode.swift; path = ProductsView.swift; sourceTree = "<group>"; };
		4086FD032CB4838300EB6411 /* TopNavView.swift */ = {isa = PBXFileReference; lastKnownFileType = sourcecode.swift; path = TopNavView.swift; sourceTree = "<group>"; };
		4086FD052CB48FE100EB6411 /* LoginView.swift */ = {isa = PBXFileReference; lastKnownFileType = sourcecode.swift; path = LoginView.swift; sourceTree = "<group>"; };
		4086FD072CB4AA5400EB6411 /* PasswordRecoveryView.swift */ = {isa = PBXFileReference; lastKnownFileType = sourcecode.swift; path = PasswordRecoveryView.swift; sourceTree = "<group>"; };
		4086FD092CB5088800EB6411 /* RegisterView.swift */ = {isa = PBXFileReference; lastKnownFileType = sourcecode.swift; path = RegisterView.swift; sourceTree = "<group>"; };
		4086FD0B2CB50A0600EB6411 /* LoginViewModel.swift */ = {isa = PBXFileReference; lastKnownFileType = sourcecode.swift; path = LoginViewModel.swift; sourceTree = "<group>"; };
		4086FD0D2CB50EF800EB6411 /* MainView.swift */ = {isa = PBXFileReference; lastKnownFileType = sourcecode.swift; path = MainView.swift; sourceTree = "<group>"; };
		4086FD0F2CB50F5F00EB6411 /* MainViewModel.swift */ = {isa = PBXFileReference; lastKnownFileType = sourcecode.swift; path = MainViewModel.swift; sourceTree = "<group>"; };
		40A366992CEC71F100038754 /* SearchResultDetailView.swift */ = {isa = PBXFileReference; lastKnownFileType = sourcecode.swift; path = SearchResultDetailView.swift; sourceTree = "<group>"; };
		40A3669B2CEC721500038754 /* SearchResultDetailViewModel.swift */ = {isa = PBXFileReference; lastKnownFileType = sourcecode.swift; path = SearchResultDetailViewModel.swift; sourceTree = "<group>"; };
		40BB0C762CC07D1B004D070B /* PasswordRecoveryViewModel.swift */ = {isa = PBXFileReference; lastKnownFileType = sourcecode.swift; path = PasswordRecoveryViewModel.swift; sourceTree = "<group>"; };
		40BB0CDA2CC0C10F004D070B /* ProfileView.swift */ = {isa = PBXFileReference; lastKnownFileType = sourcecode.swift; path = ProfileView.swift; sourceTree = "<group>"; };
		40BB0CDC2CC0C462004D070B /* ProfileViewModel.swift */ = {isa = PBXFileReference; lastKnownFileType = sourcecode.swift; path = ProfileViewModel.swift; sourceTree = "<group>"; };
		40F8B5E92C9FA8AF0024C7EF /* TagIt.app */ = {isa = PBXFileReference; explicitFileType = wrapper.application; includeInIndex = 0; path = TagIt.app; sourceTree = BUILT_PRODUCTS_DIR; };
		40F8B5EC2C9FA8AF0024C7EF /* TagItApp.swift */ = {isa = PBXFileReference; lastKnownFileType = sourcecode.swift; path = TagItApp.swift; sourceTree = "<group>"; };
		40F8B5EE2C9FA8AF0024C7EF /* ContentView.swift */ = {isa = PBXFileReference; lastKnownFileType = sourcecode.swift; path = ContentView.swift; sourceTree = "<group>"; };
		40F8B5F02C9FA8B10024C7EF /* Assets.xcassets */ = {isa = PBXFileReference; lastKnownFileType = folder.assetcatalog; path = Assets.xcassets; sourceTree = "<group>"; };
		40F8B5F32C9FA8B10024C7EF /* Preview Assets.xcassets */ = {isa = PBXFileReference; lastKnownFileType = folder.assetcatalog; path = "Preview Assets.xcassets"; sourceTree = "<group>"; };
		40FD1EA82CE9808100729291 /* StoreModel.swift */ = {isa = PBXFileReference; lastKnownFileType = sourcecode.swift; path = StoreModel.swift; sourceTree = "<group>"; };
		40FD1ED22CEAA4AD00729291 /* SearchResultView.swift */ = {isa = PBXFileReference; lastKnownFileType = sourcecode.swift; path = SearchResultView.swift; sourceTree = "<group>"; };
		40FD1ED42CEAA6E800729291 /* SearchResultViewModel.swift */ = {isa = PBXFileReference; lastKnownFileType = sourcecode.swift; path = SearchResultViewModel.swift; sourceTree = "<group>"; };
		5D1B36962CC5B2AE00552691 /* HomeView.swift */ = {isa = PBXFileReference; lastKnownFileType = sourcecode.swift; path = HomeView.swift; sourceTree = "<group>"; };
		5D1D9B1E2CE9238600698E2A /* UserAvatarView.swift */ = {isa = PBXFileReference; lastKnownFileType = sourcecode.swift; path = UserAvatarView.swift; sourceTree = "<group>"; };
		5D1D9B202CE9345100698E2A /* UserRankingCardView.swift */ = {isa = PBXFileReference; lastKnownFileType = sourcecode.swift; path = UserRankingCardView.swift; sourceTree = "<group>"; };
		5D1D9B822CE96AE800698E2A /* UserRankingView.swift */ = {isa = PBXFileReference; lastKnownFileType = sourcecode.swift; path = UserRankingView.swift; sourceTree = "<group>"; };
		5D62B03E2CEAE2E6004A7E39 /* DealRankingCardView.swift */ = {isa = PBXFileReference; lastKnownFileType = sourcecode.swift; path = DealRankingCardView.swift; sourceTree = "<group>"; };
		5D62B0402CEB0EBC004A7E39 /* DealRankingView.swift */ = {isa = PBXFileReference; lastKnownFileType = sourcecode.swift; path = DealRankingView.swift; sourceTree = "<group>"; };
		5DA00C2D2CC5D8730057041E /* CommentCardView.swift */ = {isa = PBXFileReference; lastKnownFileType = sourcecode.swift; path = CommentCardView.swift; sourceTree = "<group>"; };
		5DB364882CBED87500424571 /* DealModel.swift */ = {isa = PBXFileReference; lastKnownFileType = sourcecode.swift; path = DealModel.swift; sourceTree = "<group>"; };
		5DB365352CBEDD0F00424571 /* UserProfileModel.swift */ = {isa = PBXFileReference; lastKnownFileType = sourcecode.swift; path = UserProfileModel.swift; sourceTree = "<group>"; };
		5DB365372CBEDE5300424571 /* BarcodeItemReviewModel.swift */ = {isa = PBXFileReference; lastKnownFileType = sourcecode.swift; path = BarcodeItemReviewModel.swift; sourceTree = "<group>"; };
		5DB3653B2CBEDF8500424571 /* UserCommentModel.swift */ = {isa = PBXFileReference; lastKnownFileType = sourcecode.swift; path = UserCommentModel.swift; sourceTree = "<group>"; };
		5DB3653F2CBEEC2000424571 /* DealCardView.swift */ = {isa = PBXFileReference; lastKnownFileType = sourcecode.swift; path = DealCardView.swift; sourceTree = "<group>"; };
		5DB365432CBEECC500424571 /* DealInfoView.swift */ = {isa = PBXFileReference; lastKnownFileType = sourcecode.swift; path = DealInfoView.swift; sourceTree = "<group>"; };
		5DD1EFE12CF5D34A0015D263 /* ReviewedItemsView.swift */ = {isa = PBXFileReference; lastKnownFileType = sourcecode.swift; path = ReviewedItemsView.swift; sourceTree = "<group>"; };
		5DE8EE042CC5E59E008DF0B2 /* CommentsView.swift */ = {isa = PBXFileReference; lastKnownFileType = sourcecode.swift; path = CommentsView.swift; sourceTree = "<group>"; };
		5DE8EE062CC5EB45008DF0B2 /* DealDetailView.swift */ = {isa = PBXFileReference; lastKnownFileType = sourcecode.swift; path = DealDetailView.swift; sourceTree = "<group>"; };
		5DF09DBB2CD337FB002B6A79 /* UpDownVoteView.swift */ = {isa = PBXFileReference; lastKnownFileType = sourcecode.swift; path = UpDownVoteView.swift; sourceTree = "<group>"; };
		909AC5202CF4FAE30012C9B0 /* AddReviewViewModel.swift */ = {isa = PBXFileReference; lastKnownFileType = sourcecode.swift; path = AddReviewViewModel.swift; sourceTree = "<group>"; };
		909AC5212CF4FAE30012C9B0 /* ScannedItemViewModel.swift */ = {isa = PBXFileReference; lastKnownFileType = sourcecode.swift; path = ScannedItemViewModel.swift; sourceTree = "<group>"; };
		909AC5242CF4FB040012C9B0 /* ReviewCardView.swift */ = {isa = PBXFileReference; lastKnownFileType = sourcecode.swift; path = ReviewCardView.swift; sourceTree = "<group>"; };
		909AC5262CF4FB0E0012C9B0 /* AddReviewView.swift */ = {isa = PBXFileReference; lastKnownFileType = sourcecode.swift; path = AddReviewView.swift; sourceTree = "<group>"; };
		909DFE522CD17E2200138D31 /* BarcodeScannerView.swift */ = {isa = PBXFileReference; lastKnownFileType = sourcecode.swift; path = BarcodeScannerView.swift; sourceTree = "<group>"; };
		909DFE542CD17E4100138D31 /* BarcodeScannerViewModel.swift */ = {isa = PBXFileReference; lastKnownFileType = sourcecode.swift; path = BarcodeScannerViewModel.swift; sourceTree = "<group>"; };
		90D774F22CDAB888005E2622 /* ScannedItemView.swift */ = {isa = PBXFileReference; lastKnownFileType = sourcecode.swift; path = ScannedItemView.swift; sourceTree = "<group>"; };
		90D774F42CDAD186005E2622 /* ChangePasswordView.swift */ = {isa = PBXFileReference; lastKnownFileType = sourcecode.swift; path = ChangePasswordView.swift; sourceTree = "<group>"; };
		90D7754E2CED6054005E2622 /* EditUsernameView.swift */ = {isa = PBXFileReference; lastKnownFileType = sourcecode.swift; path = EditUsernameView.swift; sourceTree = "<group>"; };
		90F3EE6D2CF8E6B800D87D95 /* Config.xcconfig */ = {isa = PBXFileReference; lastKnownFileType = text.xcconfig; path = Config.xcconfig; sourceTree = "<group>"; };
		BF255E8A2CF541290003C3A4 /* FilterButton.swift */ = {isa = PBXFileReference; lastKnownFileType = sourcecode.swift; path = FilterButton.swift; sourceTree = "<group>"; };
		BF255FFE2CF695780003C3A4 /* reviewStars.swift */ = {isa = PBXFileReference; lastKnownFileType = sourcecode.swift; path = reviewStars.swift; sourceTree = "<group>"; };
		BF51F7E52CF0114600886C8F /* RankingModel.swift */ = {isa = PBXFileReference; lastKnownFileType = sourcecode.swift; path = RankingModel.swift; sourceTree = "<group>"; };
		BF69F1F22CF193EA001E1F20 /* HomeViewModel.swift */ = {isa = PBXFileReference; lastKnownFileType = sourcecode.swift; path = HomeViewModel.swift; sourceTree = "<group>"; };
		BF93E1152D0BA5250080FBFD /* TagIt.entitlements */ = {isa = PBXFileReference; lastKnownFileType = text.plist.entitlements; path = TagIt.entitlements; sourceTree = "<group>"; };
		BF93E11A2D0BDF500080FBFD /* GoogleService-Info.plist */ = {isa = PBXFileReference; lastKnownFileType = text.plist.xml; path = "GoogleService-Info.plist"; sourceTree = "<group>"; };
		BF93E13C2D0FD5E10080FBFD /* LaunchScreenView.swift */ = {isa = PBXFileReference; lastKnownFileType = sourcecode.swift; path = LaunchScreenView.swift; sourceTree = "<group>"; };
		BF93E13E2D0FD6040080FBFD /* LaunchScreenViewModel.swift */ = {isa = PBXFileReference; lastKnownFileType = sourcecode.swift; path = LaunchScreenViewModel.swift; sourceTree = "<group>"; };
		BF991A1D2D1119C5000F853E /* PrivacySettingsView.swift */ = {isa = PBXFileReference; lastKnownFileType = sourcecode.swift; path = PrivacySettingsView.swift; sourceTree = "<group>"; };
		BF991A1F2D111AD7000F853E /* PrivacySettingsModel.swift */ = {isa = PBXFileReference; lastKnownFileType = sourcecode.swift; path = PrivacySettingsModel.swift; sourceTree = "<group>"; };
		BFAADB332CC5CFFB00DA6D6B /* VoteModel.swift */ = {isa = PBXFileReference; lastKnownFileType = sourcecode.swift; path = VoteModel.swift; sourceTree = "<group>"; };
		BFADC5F12CC07AE500013366 /* FirestoreCollections.swift */ = {isa = PBXFileReference; lastKnownFileType = sourcecode.swift; path = FirestoreCollections.swift; sourceTree = "<group>"; };
/* End PBXFileReference section */

/* Begin PBXFileSystemSynchronizedRootGroup section */
		40851C7B2CC04CAC009AE166 /* Other */ = {isa = PBXFileSystemSynchronizedRootGroup; explicitFileTypes = {}; explicitFolders = (); path = Other; sourceTree = "<group>"; };
		BF3FBB362CBF37EE00F026FC /* Services */ = {isa = PBXFileSystemSynchronizedRootGroup; explicitFileTypes = {}; explicitFolders = (); path = Services; sourceTree = "<group>"; };
/* End PBXFileSystemSynchronizedRootGroup section */

/* Begin PBXFrameworksBuildPhase section */
		40F8B5E62C9FA8AF0024C7EF /* Frameworks */ = {
			isa = PBXFrameworksBuildPhase;
			buildActionMask = 2147483647;
			files = (
				40F8B5FE2C9FAA7B0024C7EF /* FirebaseAnalytics in Frameworks */,
				4017C4552CC5DF6F00D110AD /* FirebaseStorage in Frameworks */,
				401335162CEB3DE200730E06 /* Search in Frameworks */,
				40F8B6002C9FAA7B0024C7EF /* FirebaseAuth in Frameworks */,
				40A9DF912CEB361500D15E51 /* Core in Frameworks */,
				40F8B6022C9FAA7B0024C7EF /* FirebaseFirestore in Frameworks */,
			);
			runOnlyForDeploymentPostprocessing = 0;
		};
/* End PBXFrameworksBuildPhase section */

/* Begin PBXGroup section */
		401335142CEB3DCD00730E06 /* Frameworks */ = {
			isa = PBXGroup;
			children = (
			);
			name = Frameworks;
			sourceTree = "<group>";
		};
		4086FCED2CB47B6100EB6411 /* Views */ = {
			isa = PBXGroup;
			children = (
				BF991A1D2D1119C5000F853E /* PrivacySettingsView.swift */,
				BF93E13C2D0FD5E10080FBFD /* LaunchScreenView.swift */,
				909AC5262CF4FB0E0012C9B0 /* AddReviewView.swift */,
				4086FD002CB4835A00EB6411 /* Components */,
				40F8B5EE2C9FA8AF0024C7EF /* ContentView.swift */,
				4086FCF52CB47DB000EB6411 /* SearchView.swift */,
				4086FCF72CB47DDD00EB6411 /* NewDealView.swift */,
				4086FCF92CB47DF500EB6411 /* RankingView.swift */,
				4086FCFD2CB47EB300EB6411 /* ProductsView.swift */,
				4086FD052CB48FE100EB6411 /* LoginView.swift */,
				4086FD072CB4AA5400EB6411 /* PasswordRecoveryView.swift */,
				5DE8EE062CC5EB45008DF0B2 /* DealDetailView.swift */,
				4086FD092CB5088800EB6411 /* RegisterView.swift */,
				4086FD0D2CB50EF800EB6411 /* MainView.swift */,
				5D1B36962CC5B2AE00552691 /* HomeView.swift */,
				909DFE522CD17E2200138D31 /* BarcodeScannerView.swift */,
				90D774F22CDAB888005E2622 /* ScannedItemView.swift */,
				40BB0CDA2CC0C10F004D070B /* ProfileView.swift */,
				40FD1ED22CEAA4AD00729291 /* SearchResultView.swift */,
				40A366992CEC71F100038754 /* SearchResultDetailView.swift */,
				90D7754E2CED6054005E2622 /* EditUsernameView.swift */,
				90D774F42CDAD186005E2622 /* ChangePasswordView.swift */,
				5DD1EFE12CF5D34A0015D263 /* ReviewedItemsView.swift */,
			);
			path = Views;
			sourceTree = "<group>";
		};
		4086FCEF2CB47B8800EB6411 /* ViewModels */ = {
			isa = PBXGroup;
			children = (
				BF93E13E2D0FD6040080FBFD /* LaunchScreenViewModel.swift */,
				909AC5202CF4FAE30012C9B0 /* AddReviewViewModel.swift */,
				909AC5212CF4FAE30012C9B0 /* ScannedItemViewModel.swift */,
				BF69F1F22CF193EA001E1F20 /* HomeViewModel.swift */,
				909DFE542CD17E4100138D31 /* BarcodeScannerViewModel.swift */,
				4086FD0B2CB50A0600EB6411 /* LoginViewModel.swift */,
				4086FD0F2CB50F5F00EB6411 /* MainViewModel.swift */,
				40171D0B2CC06C27002E146C /* RegisterViewModel.swift */,
				40BB0C762CC07D1B004D070B /* PasswordRecoveryViewModel.swift */,
				40BB0CDC2CC0C462004D070B /* ProfileViewModel.swift */,
				4017C4562CC5E90000D110AD /* NewDealViewModel.swift */,
				403755752CD1743700C7D96C /* SearchViewModel.swift */,
				40FD1ED42CEAA6E800729291 /* SearchResultViewModel.swift */,
				40A3669B2CEC721500038754 /* SearchResultDetailViewModel.swift */,
				402271222CF953F400E5B04D /* TopNavViewModel.swift */,
			);
			path = ViewModels;
			sourceTree = "<group>";
		};
		4086FD002CB4835A00EB6411 /* Components */ = {
			isa = PBXGroup;
			children = (
				BF255E8A2CF541290003C3A4 /* FilterButton.swift */,
				909AC5242CF4FB040012C9B0 /* ReviewCardView.swift */,
				5DF09DBB2CD337FB002B6A79 /* UpDownVoteView.swift */,
				4086FD032CB4838300EB6411 /* TopNavView.swift */,
				4017C4662CC610DC00D110AD /* ImageUploadView.swift */,
				5DB3653F2CBEEC2000424571 /* DealCardView.swift */,
				5DB365432CBEECC500424571 /* DealInfoView.swift */,
				5DE8EE042CC5E59E008DF0B2 /* CommentsView.swift */,
				5DA00C2D2CC5D8730057041E /* CommentCardView.swift */,
				403755732CD16D8E00C7D96C /* GradientTitle.swift */,
				403755772CD1761000C7D96C /* DropdownView.swift */,
				5D1D9B1E2CE9238600698E2A /* UserAvatarView.swift */,
				5D1D9B202CE9345100698E2A /* UserRankingCardView.swift */,
				5D62B03E2CEAE2E6004A7E39 /* DealRankingCardView.swift */,
				5D1D9B822CE96AE800698E2A /* UserRankingView.swift */,
				5D62B0402CEB0EBC004A7E39 /* DealRankingView.swift */,
				402271202CF946D100E5B04D /* NavAvatarView.swift */,
			);
			path = Components;
			sourceTree = "<group>";
		};
		40F8B5E02C9FA8AF0024C7EF = {
			isa = PBXGroup;
			children = (
				40F8B5EB2C9FA8AF0024C7EF /* TagIt */,
				401335142CEB3DCD00730E06 /* Frameworks */,
				40F8B5EA2C9FA8AF0024C7EF /* Products */,
				BF93E11A2D0BDF500080FBFD /* GoogleService-Info.plist */,
			);
			sourceTree = "<group>";
		};
		40F8B5EA2C9FA8AF0024C7EF /* Products */ = {
			isa = PBXGroup;
			children = (
				40F8B5E92C9FA8AF0024C7EF /* TagIt.app */,
			);
			name = Products;
			sourceTree = "<group>";
		};
		40F8B5EB2C9FA8AF0024C7EF /* TagIt */ = {
			isa = PBXGroup;
			children = (
				BF93E1152D0BA5250080FBFD /* TagIt.entitlements */,
				90F3EE6D2CF8E6B800D87D95 /* Config.xcconfig */,
				40851C7B2CC04CAC009AE166 /* Other */,
				BF3FBB362CBF37EE00F026FC /* Services */,
				90294B702CB60DF8006FAE3A /* Models */,
				4086FCEF2CB47B8800EB6411 /* ViewModels */,
				4086FCED2CB47B6100EB6411 /* Views */,
				40F8B5EC2C9FA8AF0024C7EF /* TagItApp.swift */,
				40F8B5F02C9FA8B10024C7EF /* Assets.xcassets */,
				40F8B5F22C9FA8B10024C7EF /* Preview Content */,
			);
			path = TagIt;
			sourceTree = "<group>";
		};
		40F8B5F22C9FA8B10024C7EF /* Preview Content */ = {
			isa = PBXGroup;
			children = (
				40F8B5F32C9FA8B10024C7EF /* Preview Assets.xcassets */,
			);
			path = "Preview Content";
			sourceTree = "<group>";
		};
		90294B702CB60DF8006FAE3A /* Models */ = {
			isa = PBXGroup;
			children = (
				BF991A1F2D111AD7000F853E /* PrivacySettingsModel.swift */,
				BF255FFE2CF695780003C3A4 /* reviewStars.swift */,
				BF51F7E52CF0114600886C8F /* RankingModel.swift */,
				BFAADB332CC5CFFB00DA6D6B /* VoteModel.swift */,
				BFADC5F12CC07AE500013366 /* FirestoreCollections.swift */,
				5DB364882CBED87500424571 /* DealModel.swift */,
				5DB365352CBEDD0F00424571 /* UserProfileModel.swift */,
				5DB365372CBEDE5300424571 /* BarcodeItemReviewModel.swift */,
				5DB3653B2CBEDF8500424571 /* UserCommentModel.swift */,
				40FD1EA82CE9808100729291 /* StoreModel.swift */,
			);
			path = Models;
			sourceTree = "<group>";
		};
/* End PBXGroup section */

/* Begin PBXNativeTarget section */
		40F8B5E82C9FA8AF0024C7EF /* TagIt */ = {
			isa = PBXNativeTarget;
			buildConfigurationList = 40F8B5F72C9FA8B10024C7EF /* Build configuration list for PBXNativeTarget "TagIt" */;
			buildPhases = (
				40F8B5E52C9FA8AF0024C7EF /* Sources */,
				40F8B5E62C9FA8AF0024C7EF /* Frameworks */,
				40F8B5E72C9FA8AF0024C7EF /* Resources */,
				BF3B317E2D0262BE00B90637 /* Run Script */,
			);
			buildRules = (
			);
			dependencies = (
			);
			fileSystemSynchronizedGroups = (
				40851C7B2CC04CAC009AE166 /* Other */,
				BF3FBB362CBF37EE00F026FC /* Services */,
			);
			name = TagIt;
			packageProductDependencies = (
				40F8B5FD2C9FAA7B0024C7EF /* FirebaseAnalytics */,
				40F8B5FF2C9FAA7B0024C7EF /* FirebaseAuth */,
				40F8B6012C9FAA7B0024C7EF /* FirebaseFirestore */,
				4017C4542CC5DF6F00D110AD /* FirebaseStorage */,
				40A9DF902CEB361500D15E51 /* Core */,
				401335152CEB3DE200730E06 /* Search */,
			);
			productName = TagIt;
			productReference = 40F8B5E92C9FA8AF0024C7EF /* TagIt.app */;
			productType = "com.apple.product-type.application";
		};
/* End PBXNativeTarget section */

/* Begin PBXProject section */
		40F8B5E12C9FA8AF0024C7EF /* Project object */ = {
			isa = PBXProject;
			attributes = {
				BuildIndependentTargetsInParallel = 1;
				LastSwiftUpdateCheck = 1540;
				LastUpgradeCheck = 1600;
				TargetAttributes = {
					40F8B5E82C9FA8AF0024C7EF = {
						CreatedOnToolsVersion = 15.4;
					};
				};
			};
			buildConfigurationList = 40F8B5E42C9FA8AF0024C7EF /* Build configuration list for PBXProject "TagIt" */;
			compatibilityVersion = "Xcode 14.0";
			developmentRegion = en;
			hasScannedForEncodings = 0;
			knownRegions = (
				en,
				Base,
			);
			mainGroup = 40F8B5E02C9FA8AF0024C7EF;
			packageReferences = (
				40F8B5FC2C9FAA7B0024C7EF /* XCRemoteSwiftPackageReference "firebase-ios-sdk" */,
				40A9DF8F2CEB361500D15E51 /* XCRemoteSwiftPackageReference "algoliasearch-client-swift" */,
			);
			productRefGroup = 40F8B5EA2C9FA8AF0024C7EF /* Products */;
			projectDirPath = "";
			projectRoot = "";
			targets = (
				40F8B5E82C9FA8AF0024C7EF /* TagIt */,
			);
		};
/* End PBXProject section */

/* Begin PBXResourcesBuildPhase section */
		40F8B5E72C9FA8AF0024C7EF /* Resources */ = {
			isa = PBXResourcesBuildPhase;
			buildActionMask = 2147483647;
			files = (
				90F3EE6E2CF8E6B800D87D95 /* Config.xcconfig in Resources */,
				BF93E11B2D0BDF500080FBFD /* GoogleService-Info.plist in Resources */,
				40F8B5F42C9FA8B10024C7EF /* Preview Assets.xcassets in Resources */,
				40F8B5F12C9FA8B10024C7EF /* Assets.xcassets in Resources */,
			);
			runOnlyForDeploymentPostprocessing = 0;
		};
/* End PBXResourcesBuildPhase section */

/* Begin PBXShellScriptBuildPhase section */
		BF3B317E2D0262BE00B90637 /* Run Script */ = {
			isa = PBXShellScriptBuildPhase;
			buildActionMask = 2147483647;
			files = (
			);
			inputFileListPaths = (
			);
			inputPaths = (
			);
			name = "Run Script";
			outputFileListPaths = (
			);
			outputPaths = (
			);
			runOnlyForDeploymentPostprocessing = 0;
			shellPath = /bin/sh;
			shellScript = "if which swiftlint >/dev/null; then\n    swiftlint\nelse\n    echo \"warning: SwiftLint not installed, download from https://github.com/realm/SwiftLint\"\nfi\n";
		};
/* End PBXShellScriptBuildPhase section */

/* Begin PBXSourcesBuildPhase section */
		40F8B5E52C9FA8AF0024C7EF /* Sources */ = {
			isa = PBXSourcesBuildPhase;
			buildActionMask = 2147483647;
			files = (
				BF51F7E62CF0114E00886C8F /* RankingModel.swift in Sources */,
				5D1D9B212CE9345100698E2A /* UserRankingCardView.swift in Sources */,
				403755742CD16D8E00C7D96C /* GradientTitle.swift in Sources */,
				40A3669C2CEC721500038754 /* SearchResultDetailViewModel.swift in Sources */,
				402271232CF953F400E5B04D /* TopNavViewModel.swift in Sources */,
				5DF09DBC2CD337FB002B6A79 /* UpDownVoteView.swift in Sources */,
				4086FD0A2CB5088800EB6411 /* RegisterView.swift in Sources */,
				5DB365362CBEDD0F00424571 /* UserProfileModel.swift in Sources */,
				40171D0C2CC06C27002E146C /* RegisterViewModel.swift in Sources */,
				403755782CD1761000C7D96C /* DropdownView.swift in Sources */,
				5D1B36972CC5B2AE00552691 /* HomeView.swift in Sources */,
				BFADC5F22CC07AE900013366 /* FirestoreCollections.swift in Sources */,
				5DB365382CBEDE5300424571 /* BarcodeItemReviewModel.swift in Sources */,
				5DD1EFE22CF5D34A0015D263 /* ReviewedItemsView.swift in Sources */,
				BF255FFF2CF6957A0003C3A4 /* reviewStars.swift in Sources */,
				4086FD0E2CB50EF800EB6411 /* MainView.swift in Sources */,
				BF69F1F32CF193EC001E1F20 /* HomeViewModel.swift in Sources */,
				4086FCFE2CB47EB300EB6411 /* ProductsView.swift in Sources */,
				4017C4572CC5E90000D110AD /* NewDealViewModel.swift in Sources */,
				909AC5272CF4FB0E0012C9B0 /* AddReviewView.swift in Sources */,
				909AC5222CF4FAE30012C9B0 /* ScannedItemViewModel.swift in Sources */,
				909AC5232CF4FAE30012C9B0 /* AddReviewViewModel.swift in Sources */,
				4086FCF62CB47DB000EB6411 /* SearchView.swift in Sources */,
				4086FCFA2CB47DF500EB6411 /* RankingView.swift in Sources */,
				40FD1ED52CEAA6E800729291 /* SearchResultViewModel.swift in Sources */,
				4086FD062CB48FE100EB6411 /* LoginView.swift in Sources */,
				5DE8EE052CC5E59E008DF0B2 /* CommentsView.swift in Sources */,
				4086FD082CB4AA5400EB6411 /* PasswordRecoveryView.swift in Sources */,
				40A3669A2CEC71F100038754 /* SearchResultDetailView.swift in Sources */,
				909AC5252CF4FB040012C9B0 /* ReviewCardView.swift in Sources */,
				BF93E13D2D0FD5E90080FBFD /* LaunchScreenView.swift in Sources */,
				909DFE532CD17E2200138D31 /* BarcodeScannerView.swift in Sources */,
				90D774F32CDAB896005E2622 /* ScannedItemView.swift in Sources */,
				4086FD102CB50F5F00EB6411 /* MainViewModel.swift in Sources */,
				5D62B0412CEB0EBC004A7E39 /* DealRankingView.swift in Sources */,
				5D1D9B1F2CE9238600698E2A /* UserAvatarView.swift in Sources */,
				5D62B03F2CEAE2E6004A7E39 /* DealRankingCardView.swift in Sources */,
				4086FCF82CB47DDD00EB6411 /* NewDealView.swift in Sources */,
				40BB0C772CC07D1B004D070B /* PasswordRecoveryViewModel.swift in Sources */,
				403755762CD1743700C7D96C /* SearchViewModel.swift in Sources */,
				40BB0CDD2CC0C462004D070B /* ProfileViewModel.swift in Sources */,
				5DA00C2E2CC5D8730057041E /* CommentCardView.swift in Sources */,
				909DFE552CD17E4100138D31 /* BarcodeScannerViewModel.swift in Sources */,
				5DB365402CBEEC2000424571 /* DealCardView.swift in Sources */,
				BFAADB342CC5CFFE00DA6D6B /* VoteModel.swift in Sources */,
				4017C4672CC610DC00D110AD /* ImageUploadView.swift in Sources */,
				40BB0CDB2CC0C10F004D070B /* ProfileView.swift in Sources */,
				5D1D9B832CE96AE800698E2A /* UserRankingView.swift in Sources */,
				40FD1ED32CEAA4AD00729291 /* SearchResultView.swift in Sources */,
				90D774F52CDAD18E005E2622 /* ChangePasswordView.swift in Sources */,
				4086FD0C2CB50A0600EB6411 /* LoginViewModel.swift in Sources */,
				5DE8EE072CC5EB45008DF0B2 /* DealDetailView.swift in Sources */,
				40F8B5EF2C9FA8AF0024C7EF /* ContentView.swift in Sources */,
				5DB364892CBED87500424571 /* DealModel.swift in Sources */,
				90D7754F2CED6062005E2622 /* EditUsernameView.swift in Sources */,
				4086FD042CB4838300EB6411 /* TopNavView.swift in Sources */,
				BF93E13F2D0FD6070080FBFD /* LaunchScreenViewModel.swift in Sources */,
				402271212CF946D200E5B04D /* NavAvatarView.swift in Sources */,
				5DB365442CBEECC500424571 /* DealInfoView.swift in Sources */,
				BF255E8B2CF541360003C3A4 /* FilterButton.swift in Sources */,
				BF991A202D111ADE000F853E /* PrivacySettingsModel.swift in Sources */,
				5DB3653C2CBEDF8500424571 /* UserCommentModel.swift in Sources */,
				40FD1EA92CE9808100729291 /* StoreModel.swift in Sources */,
				BF991A1E2D1119CA000F853E /* PrivacySettingsView.swift in Sources */,
				40F8B5ED2C9FA8AF0024C7EF /* TagItApp.swift in Sources */,
			);
			runOnlyForDeploymentPostprocessing = 0;
		};
/* End PBXSourcesBuildPhase section */

/* Begin XCBuildConfiguration section */
		40F8B5F52C9FA8B10024C7EF /* Debug */ = {
			isa = XCBuildConfiguration;
			baseConfigurationReference = 90F3EE6D2CF8E6B800D87D95 /* Config.xcconfig */;
			buildSettings = {
				ALWAYS_SEARCH_USER_PATHS = NO;
				ASSETCATALOG_COMPILER_GENERATE_SWIFT_ASSET_SYMBOL_EXTENSIONS = YES;
				CLANG_ANALYZER_NONNULL = YES;
				CLANG_ANALYZER_NUMBER_OBJECT_CONVERSION = YES_AGGRESSIVE;
				CLANG_CXX_LANGUAGE_STANDARD = "gnu++20";
				CLANG_ENABLE_MODULES = YES;
				CLANG_ENABLE_OBJC_ARC = YES;
				CLANG_ENABLE_OBJC_WEAK = YES;
				CLANG_WARN_BLOCK_CAPTURE_AUTORELEASING = YES;
				CLANG_WARN_BOOL_CONVERSION = YES;
				CLANG_WARN_COMMA = YES;
				CLANG_WARN_CONSTANT_CONVERSION = YES;
				CLANG_WARN_DEPRECATED_OBJC_IMPLEMENTATIONS = YES;
				CLANG_WARN_DIRECT_OBJC_ISA_USAGE = YES_ERROR;
				CLANG_WARN_DOCUMENTATION_COMMENTS = YES;
				CLANG_WARN_EMPTY_BODY = YES;
				CLANG_WARN_ENUM_CONVERSION = YES;
				CLANG_WARN_INFINITE_RECURSION = YES;
				CLANG_WARN_INT_CONVERSION = YES;
				CLANG_WARN_NON_LITERAL_NULL_CONVERSION = YES;
				CLANG_WARN_OBJC_IMPLICIT_RETAIN_SELF = YES;
				CLANG_WARN_OBJC_LITERAL_CONVERSION = YES;
				CLANG_WARN_OBJC_ROOT_CLASS = YES_ERROR;
				CLANG_WARN_QUOTED_INCLUDE_IN_FRAMEWORK_HEADER = YES;
				CLANG_WARN_RANGE_LOOP_ANALYSIS = YES;
				CLANG_WARN_STRICT_PROTOTYPES = YES;
				CLANG_WARN_SUSPICIOUS_MOVE = YES;
				CLANG_WARN_UNGUARDED_AVAILABILITY = YES_AGGRESSIVE;
				CLANG_WARN_UNREACHABLE_CODE = YES;
				CLANG_WARN__DUPLICATE_METHOD_MATCH = YES;
				COPY_PHASE_STRIP = NO;
				DEBUG_INFORMATION_FORMAT = dwarf;
				ENABLE_STRICT_OBJC_MSGSEND = YES;
				ENABLE_TESTABILITY = YES;
				ENABLE_USER_SCRIPT_SANDBOXING = YES;
				GCC_C_LANGUAGE_STANDARD = gnu17;
				GCC_DYNAMIC_NO_PIC = NO;
				GCC_NO_COMMON_BLOCKS = YES;
				GCC_OPTIMIZATION_LEVEL = 0;
				GCC_PREPROCESSOR_DEFINITIONS = (
					"DEBUG=1",
					"$(inherited)",
				);
				GCC_WARN_64_TO_32_BIT_CONVERSION = YES;
				GCC_WARN_ABOUT_RETURN_TYPE = YES_ERROR;
				GCC_WARN_UNDECLARED_SELECTOR = YES;
				GCC_WARN_UNINITIALIZED_AUTOS = YES_AGGRESSIVE;
				GCC_WARN_UNUSED_FUNCTION = YES;
				GCC_WARN_UNUSED_VARIABLE = YES;
				IPHONEOS_DEPLOYMENT_TARGET = 17.5;
				LOCALIZATION_PREFERS_STRING_CATALOGS = YES;
				MTL_ENABLE_DEBUG_INFO = INCLUDE_SOURCE;
				MTL_FAST_MATH = YES;
				ONLY_ACTIVE_ARCH = YES;
				SDKROOT = iphoneos;
				SWIFT_ACTIVE_COMPILATION_CONDITIONS = "DEBUG $(inherited)";
				SWIFT_OPTIMIZATION_LEVEL = "-Onone";
			};
			name = Debug;
		};
		40F8B5F62C9FA8B10024C7EF /* Release */ = {
			isa = XCBuildConfiguration;
			baseConfigurationReference = 90F3EE6D2CF8E6B800D87D95 /* Config.xcconfig */;
			buildSettings = {
				ALWAYS_SEARCH_USER_PATHS = NO;
				ASSETCATALOG_COMPILER_GENERATE_SWIFT_ASSET_SYMBOL_EXTENSIONS = YES;
				CLANG_ANALYZER_NONNULL = YES;
				CLANG_ANALYZER_NUMBER_OBJECT_CONVERSION = YES_AGGRESSIVE;
				CLANG_CXX_LANGUAGE_STANDARD = "gnu++20";
				CLANG_ENABLE_MODULES = YES;
				CLANG_ENABLE_OBJC_ARC = YES;
				CLANG_ENABLE_OBJC_WEAK = YES;
				CLANG_WARN_BLOCK_CAPTURE_AUTORELEASING = YES;
				CLANG_WARN_BOOL_CONVERSION = YES;
				CLANG_WARN_COMMA = YES;
				CLANG_WARN_CONSTANT_CONVERSION = YES;
				CLANG_WARN_DEPRECATED_OBJC_IMPLEMENTATIONS = YES;
				CLANG_WARN_DIRECT_OBJC_ISA_USAGE = YES_ERROR;
				CLANG_WARN_DOCUMENTATION_COMMENTS = YES;
				CLANG_WARN_EMPTY_BODY = YES;
				CLANG_WARN_ENUM_CONVERSION = YES;
				CLANG_WARN_INFINITE_RECURSION = YES;
				CLANG_WARN_INT_CONVERSION = YES;
				CLANG_WARN_NON_LITERAL_NULL_CONVERSION = YES;
				CLANG_WARN_OBJC_IMPLICIT_RETAIN_SELF = YES;
				CLANG_WARN_OBJC_LITERAL_CONVERSION = YES;
				CLANG_WARN_OBJC_ROOT_CLASS = YES_ERROR;
				CLANG_WARN_QUOTED_INCLUDE_IN_FRAMEWORK_HEADER = YES;
				CLANG_WARN_RANGE_LOOP_ANALYSIS = YES;
				CLANG_WARN_STRICT_PROTOTYPES = YES;
				CLANG_WARN_SUSPICIOUS_MOVE = YES;
				CLANG_WARN_UNGUARDED_AVAILABILITY = YES_AGGRESSIVE;
				CLANG_WARN_UNREACHABLE_CODE = YES;
				CLANG_WARN__DUPLICATE_METHOD_MATCH = YES;
				COPY_PHASE_STRIP = NO;
				DEBUG_INFORMATION_FORMAT = "dwarf-with-dsym";
				ENABLE_NS_ASSERTIONS = NO;
				ENABLE_STRICT_OBJC_MSGSEND = YES;
				ENABLE_USER_SCRIPT_SANDBOXING = YES;
				GCC_C_LANGUAGE_STANDARD = gnu17;
				GCC_NO_COMMON_BLOCKS = YES;
				GCC_WARN_64_TO_32_BIT_CONVERSION = YES;
				GCC_WARN_ABOUT_RETURN_TYPE = YES_ERROR;
				GCC_WARN_UNDECLARED_SELECTOR = YES;
				GCC_WARN_UNINITIALIZED_AUTOS = YES_AGGRESSIVE;
				GCC_WARN_UNUSED_FUNCTION = YES;
				GCC_WARN_UNUSED_VARIABLE = YES;
				IPHONEOS_DEPLOYMENT_TARGET = 17.5;
				LOCALIZATION_PREFERS_STRING_CATALOGS = YES;
				MTL_ENABLE_DEBUG_INFO = NO;
				MTL_FAST_MATH = YES;
				SDKROOT = iphoneos;
				SWIFT_COMPILATION_MODE = wholemodule;
				VALIDATE_PRODUCT = YES;
			};
			name = Release;
		};
		40F8B5F82C9FA8B10024C7EF /* Debug */ = {
			isa = XCBuildConfiguration;
			baseConfigurationReference = 90F3EE6D2CF8E6B800D87D95 /* Config.xcconfig */;
			buildSettings = {
				ASSETCATALOG_COMPILER_APPICON_NAME = AppIcon;
				ASSETCATALOG_COMPILER_GLOBAL_ACCENT_COLOR_NAME = AccentColor;
				CODE_SIGN_ENTITLEMENTS = TagIt/TagIt.entitlements;
				CODE_SIGN_STYLE = Automatic;
				CURRENT_PROJECT_VERSION = 1;
				DEVELOPMENT_ASSET_PATHS = "\"TagIt/Preview Content\"";
				DEVELOPMENT_TEAM = 869577Y258;
				ENABLE_PREVIEWS = YES;
				GENERATE_INFOPLIST_FILE = YES;
				INFOPLIST_FILE = TagIt/Info.plist;
				INFOPLIST_KEY_NSCameraUsageDescription = "";
				INFOPLIST_KEY_NSLocationWhenInUseUsageDescription = "This app needs to use your location.";
				INFOPLIST_KEY_UIApplicationSceneManifest_Generation = YES;
				INFOPLIST_KEY_UIApplicationSupportsIndirectInputEvents = YES;
				INFOPLIST_KEY_UILaunchScreen_Generation = YES;
				INFOPLIST_KEY_UISupportedInterfaceOrientations_iPad = "UIInterfaceOrientationPortrait UIInterfaceOrientationPortraitUpsideDown UIInterfaceOrientationLandscapeLeft UIInterfaceOrientationLandscapeRight";
				INFOPLIST_KEY_UISupportedInterfaceOrientations_iPhone = "UIInterfaceOrientationPortrait UIInterfaceOrientationLandscapeLeft UIInterfaceOrientationLandscapeRight";
				LD_RUNPATH_SEARCH_PATHS = (
					"$(inherited)",
					"@executable_path/Frameworks",
				);
				MARKETING_VERSION = 1.0;
				PRODUCT_BUNDLE_IDENTIFIER = TagItApp;
				PRODUCT_NAME = "$(TARGET_NAME)";
				SWIFT_EMIT_LOC_STRINGS = YES;
				SWIFT_VERSION = 5.0;
				TARGETED_DEVICE_FAMILY = "1,2";
			};
			name = Debug;
		};
		40F8B5F92C9FA8B10024C7EF /* Release */ = {
			isa = XCBuildConfiguration;
			baseConfigurationReference = 90F3EE6D2CF8E6B800D87D95 /* Config.xcconfig */;
			buildSettings = {
				ASSETCATALOG_COMPILER_APPICON_NAME = AppIcon;
				ASSETCATALOG_COMPILER_GLOBAL_ACCENT_COLOR_NAME = AccentColor;
				CODE_SIGN_ENTITLEMENTS = TagIt/TagIt.entitlements;
				CODE_SIGN_STYLE = Automatic;
				CURRENT_PROJECT_VERSION = 1;
				DEVELOPMENT_ASSET_PATHS = "\"TagIt/Preview Content\"";
				DEVELOPMENT_TEAM = 869577Y258;
				ENABLE_PREVIEWS = YES;
				GENERATE_INFOPLIST_FILE = YES;
				INFOPLIST_FILE = TagIt/Info.plist;
				INFOPLIST_KEY_NSCameraUsageDescription = "";
				INFOPLIST_KEY_NSLocationWhenInUseUsageDescription = "This app needs to use your location.";
				INFOPLIST_KEY_UIApplicationSceneManifest_Generation = YES;
				INFOPLIST_KEY_UIApplicationSupportsIndirectInputEvents = YES;
				INFOPLIST_KEY_UILaunchScreen_Generation = YES;
				INFOPLIST_KEY_UISupportedInterfaceOrientations_iPad = "UIInterfaceOrientationPortrait UIInterfaceOrientationPortraitUpsideDown UIInterfaceOrientationLandscapeLeft UIInterfaceOrientationLandscapeRight";
				INFOPLIST_KEY_UISupportedInterfaceOrientations_iPhone = "UIInterfaceOrientationPortrait UIInterfaceOrientationLandscapeLeft UIInterfaceOrientationLandscapeRight";
				LD_RUNPATH_SEARCH_PATHS = (
					"$(inherited)",
					"@executable_path/Frameworks",
				);
				MARKETING_VERSION = 1.0;
				PRODUCT_BUNDLE_IDENTIFIER = TagItApp;
				PRODUCT_NAME = "$(TARGET_NAME)";
				SWIFT_EMIT_LOC_STRINGS = YES;
				SWIFT_VERSION = 5.0;
				TARGETED_DEVICE_FAMILY = "1,2";
			};
			name = Release;
		};
/* End XCBuildConfiguration section */

/* Begin XCConfigurationList section */
		40F8B5E42C9FA8AF0024C7EF /* Build configuration list for PBXProject "TagIt" */ = {
			isa = XCConfigurationList;
			buildConfigurations = (
				40F8B5F52C9FA8B10024C7EF /* Debug */,
				40F8B5F62C9FA8B10024C7EF /* Release */,
			);
			defaultConfigurationIsVisible = 0;
			defaultConfigurationName = Release;
		};
		40F8B5F72C9FA8B10024C7EF /* Build configuration list for PBXNativeTarget "TagIt" */ = {
			isa = XCConfigurationList;
			buildConfigurations = (
				40F8B5F82C9FA8B10024C7EF /* Debug */,
				40F8B5F92C9FA8B10024C7EF /* Release */,
			);
			defaultConfigurationIsVisible = 0;
			defaultConfigurationName = Release;
		};
/* End XCConfigurationList section */

/* Begin XCRemoteSwiftPackageReference section */
		40A9DF8F2CEB361500D15E51 /* XCRemoteSwiftPackageReference "algoliasearch-client-swift" */ = {
			isa = XCRemoteSwiftPackageReference;
			repositoryURL = "https://github.com/algolia/algoliasearch-client-swift";
			requirement = {
				kind = upToNextMajorVersion;
				minimumVersion = 9.10.1;
			};
		};
		40F8B5FC2C9FAA7B0024C7EF /* XCRemoteSwiftPackageReference "firebase-ios-sdk" */ = {
			isa = XCRemoteSwiftPackageReference;
			repositoryURL = "https://github.com/firebase/firebase-ios-sdk";
			requirement = {
				kind = upToNextMajorVersion;
				minimumVersion = 11.2.0;
			};
		};
/* End XCRemoteSwiftPackageReference section */

/* Begin XCSwiftPackageProductDependency section */
		401335152CEB3DE200730E06 /* Search */ = {
			isa = XCSwiftPackageProductDependency;
			package = 40A9DF8F2CEB361500D15E51 /* XCRemoteSwiftPackageReference "algoliasearch-client-swift" */;
			productName = Search;
		};
		4017C4542CC5DF6F00D110AD /* FirebaseStorage */ = {
			isa = XCSwiftPackageProductDependency;
			package = 40F8B5FC2C9FAA7B0024C7EF /* XCRemoteSwiftPackageReference "firebase-ios-sdk" */;
			productName = FirebaseStorage;
		};
		40A9DF902CEB361500D15E51 /* Core */ = {
			isa = XCSwiftPackageProductDependency;
			package = 40A9DF8F2CEB361500D15E51 /* XCRemoteSwiftPackageReference "algoliasearch-client-swift" */;
			productName = Core;
		};
		40F8B5FD2C9FAA7B0024C7EF /* FirebaseAnalytics */ = {
			isa = XCSwiftPackageProductDependency;
			package = 40F8B5FC2C9FAA7B0024C7EF /* XCRemoteSwiftPackageReference "firebase-ios-sdk" */;
			productName = FirebaseAnalytics;
		};
		40F8B5FF2C9FAA7B0024C7EF /* FirebaseAuth */ = {
			isa = XCSwiftPackageProductDependency;
			package = 40F8B5FC2C9FAA7B0024C7EF /* XCRemoteSwiftPackageReference "firebase-ios-sdk" */;
			productName = FirebaseAuth;
		};
		40F8B6012C9FAA7B0024C7EF /* FirebaseFirestore */ = {
			isa = XCSwiftPackageProductDependency;
			package = 40F8B5FC2C9FAA7B0024C7EF /* XCRemoteSwiftPackageReference "firebase-ios-sdk" */;
			productName = FirebaseFirestore;
		};
/* End XCSwiftPackageProductDependency section */
	};
	rootObject = 40F8B5E12C9FA8AF0024C7EF /* Project object */;
}
